
Microsoft Visual Studio Solution File, Format Version 12.00
# Visual Studio Version 16
VisualStudioVersion = 16.0.29806.167
MinimumVisualStudioVersion = 10.0.40219.1
Project("{9A19103F-16F7-4668-BE54-9A1E7A4F7556}") = "ChatyChaty", "ChatyChatyMain\ChatyChaty.csproj", "{2093B335-819B-4E2B-86F9-AC4A2C15BDEA}"
EndProject
Project("{9A19103F-16F7-4668-BE54-9A1E7A4F7556}") = "XUnitTest", "XUnitTest\XUnitTest.csproj", "{96021DCB-A324-417F-AE09-7A116932C34E}"
EndProject
Project("{9A19103F-16F7-4668-BE54-9A1E7A4F7556}") = "XIntegrationTest", "XIntegrationTest\XIntegrationTest.csproj", "{1FE48F0C-867E-4FC6-8DD2-D847F7874F0E}"
EndProject
Project("{FAE04EC0-301F-11D3-BF4B-00C04F79EFBC}") = "ChatyChaty.Domain", "ChatyChaty.Domain\ChatyChaty.Domain.csproj", "{ACB846CC-0F6E-4614-A4FA-7F4D0E6845FB}"
EndProject
Project("{FAE04EC0-301F-11D3-BF4B-00C04F79EFBC}") = "ChatyChaty.Infrastructure", "ChatyChaty.Infrastructure\ChatyChaty.Infrastructure.csproj", "{C4339AB4-CE5C-430D-8B94-F85199C23510}"
EndProject
Global
	GlobalSection(SolutionConfigurationPlatforms) = preSolution
		Debug|Any CPU = Debug|Any CPU
		Release|Any CPU = Release|Any CPU
	EndGlobalSection
	GlobalSection(ProjectConfigurationPlatforms) = postSolution
		{2093B335-819B-4E2B-86F9-AC4A2C15BDEA}.Debug|Any CPU.ActiveCfg = Debug|Any CPU
		{2093B335-819B-4E2B-86F9-AC4A2C15BDEA}.Debug|Any CPU.Build.0 = Debug|Any CPU
		{2093B335-819B-4E2B-86F9-AC4A2C15BDEA}.Release|Any CPU.ActiveCfg = Release|Any CPU
		{2093B335-819B-4E2B-86F9-AC4A2C15BDEA}.Release|Any CPU.Build.0 = Release|Any CPU
		{96021DCB-A324-417F-AE09-7A116932C34E}.Debug|Any CPU.ActiveCfg = Debug|Any CPU
		{96021DCB-A324-417F-AE09-7A116932C34E}.Debug|Any CPU.Build.0 = Debug|Any CPU
		{96021DCB-A324-417F-AE09-7A116932C34E}.Release|Any CPU.ActiveCfg = Release|Any CPU
		{96021DCB-A324-417F-AE09-7A116932C34E}.Release|Any CPU.Build.0 = Release|Any CPU
		{1FE48F0C-867E-4FC6-8DD2-D847F7874F0E}.Debug|Any CPU.ActiveCfg = Debug|Any CPU
		{1FE48F0C-867E-4FC6-8DD2-D847F7874F0E}.Debug|Any CPU.Build.0 = Debug|Any CPU
		{1FE48F0C-867E-4FC6-8DD2-D847F7874F0E}.Release|Any CPU.ActiveCfg = Release|Any CPU
		{1FE48F0C-867E-4FC6-8DD2-D847F7874F0E}.Release|Any CPU.Build.0 = Release|Any CPU
		{ACB846CC-0F6E-4614-A4FA-7F4D0E6845FB}.Debug|Any CPU.ActiveCfg = Debug|Any CPU
		{ACB846CC-0F6E-4614-A4FA-7F4D0E6845FB}.Debug|Any CPU.Build.0 = Debug|Any CPU
		{ACB846CC-0F6E-4614-A4FA-7F4D0E6845FB}.Release|Any CPU.ActiveCfg = Release|Any CPU
		{ACB846CC-0F6E-4614-A4FA-7F4D0E6845FB}.Release|Any CPU.Build.0 = Release|Any CPU
		{C4339AB4-CE5C-430D-8B94-F85199C23510}.Debug|Any CPU.ActiveCfg = Debug|Any CPU
		{C4339AB4-CE5C-430D-8B94-F85199C23510}.Debug|Any CPU.Build.0 = Debug|Any CPU
		{C4339AB4-CE5C-430D-8B94-F85199C23510}.Release|Any CPU.ActiveCfg = Release|Any CPU
		{C4339AB4-CE5C-430D-8B94-F85199C23510}.Release|Any CPU.Build.0 = Release|Any CPU
	EndGlobalSection
	GlobalSection(SolutionProperties) = preSolution
		HideSolutionNode = FALSE
	EndGlobalSection
	GlobalSection(ExtensibilityGlobals) = postSolution
		SolutionGuid = {DC3C39C7-8149-4C42-9F1D-6E14345CB11D}
	EndGlobalSection
EndGlobal
